
Microsoft Visual Studio Solution File, Format Version 12.00
Project("{FAE04EC0-301F-11D3-BF4B-00C04F79EFBC}") = "Tangyweb_Server", "Tangyweb_Server\Tangyweb_Server.csproj", "{35361BE9-51F9-4894-AE10-E7802B8C0CEA}"
EndProject
Global
	GlobalSection(SolutionConfigurationPlatforms) = preSolution
		Debug|Any CPU = Debug|Any CPU
		Release|Any CPU = Release|Any CPU
	EndGlobalSection
	GlobalSection(ProjectConfigurationPlatforms) = postSolution
		{35361BE9-51F9-4894-AE10-E7802B8C0CEA}.Debug|Any CPU.ActiveCfg = Debug|Any CPU
		{35361BE9-51F9-4894-AE10-E7802B8C0CEA}.Debug|Any CPU.Build.0 = Debug|Any CPU
		{35361BE9-51F9-4894-AE10-E7802B8C0CEA}.Release|Any CPU.ActiveCfg = Release|Any CPU
		{35361BE9-51F9-4894-AE10-E7802B8C0CEA}.Release|Any CPU.Build.0 = Release|Any CPU
	EndGlobalSection
EndGlobal
